
Microsoft Visual Studio Solution File, Format Version 12.00
# Visual Studio Version 17
VisualStudioVersion = 17.9.34714.143
MinimumVisualStudioVersion = 10.0.40219.1
Project("{8BC9CEB8-8B4A-11D0-8D11-00A0C91BC942}") = "HyperSphereIntersection", "HyperSphereIntersection\HyperSphereIntersection.vcxproj", "{92E5AFFE-8258-4678-87DF-4FD2CDDE32B0}"
EndProject
Global
	GlobalSection(SolutionConfigurationPlatforms) = preSolution
		Debug|x64 = Debug|x64
		Debug|x86 = Debug|x86
		Release|x64 = Release|x64
		Release|x86 = Release|x86
	EndGlobalSection
	GlobalSection(ProjectConfigurationPlatforms) = postSolution
		{92E5AFFE-8258-4678-87DF-4FD2CDDE32B0}.Debug|x64.ActiveCfg = Debug|x64
		{92E5AFFE-8258-4678-87DF-4FD2CDDE32B0}.Debug|x64.Build.0 = Debug|x64
		{92E5AFFE-8258-4678-87DF-4FD2CDDE32B0}.Debug|x86.ActiveCfg = Debug|Win32
		{92E5AFFE-8258-4678-87DF-4FD2CDDE32B0}.Debug|x86.Build.0 = Debug|Win32
		{92E5AFFE-8258-4678-87DF-4FD2CDDE32B0}.Release|x64.ActiveCfg = Release|x64
		{92E5AFFE-8258-4678-87DF-4FD2CDDE32B0}.Release|x64.Build.0 = Release|x64
		{92E5AFFE-8258-4678-87DF-4FD2CDDE32B0}.Release|x86.ActiveCfg = Release|Win32
		{92E5AFFE-8258-4678-87DF-4FD2CDDE32B0}.Release|x86.Build.0 = Release|Win32
	EndGlobalSection
	GlobalSection(SolutionProperties) = preSolution
		HideSolutionNode = FALSE
	EndGlobalSection
	GlobalSection(ExtensibilityGlobals) = postSolution
		SolutionGuid = {DEED6FAC-F54E-454E-8B6C-005B27B91B69}
	EndGlobalSection
EndGlobal
